<?xml version="1.0" encoding="utf-8"?>
<Project ToolsVersion="4.0" xmlns="http://schemas.microsoft.com/developer/msbuild/2003">
  <ItemGroup>
    <Filter Include="src">
      <UniqueIdentifier>{854b8cf2-2ba3-4781-8c31-8451dd09dc84}</UniqueIdentifier>
    </Filter>
  </ItemGroup>
  <ItemGroup>
    <ClCompile Include="src\MyApp.cpp">
      <Filter>src</Filter>
    </ClCompile>
  </ItemGroup>
</Project>