<?xml version="1.0" encoding="utf-8"?>
<Project ToolsVersion="4.0" xmlns="http://schemas.microsoft.com/developer/msbuild/2003">
  <ItemGroup>
    <Filter Include="Source Files">
      <UniqueIdentifier>{4FC737F1-C7A5-4376-A066-2A32D752A2FF}</UniqueIdentifier>
      <Extensions>cpp;c;cc;cxx;c++;cppm;ixx;def;odl;idl;hpj;bat;asm;asmx</Extensions>
    </Filter>
    <Filter Include="Header Files">
      <UniqueIdentifier>{93995380-89BD-4b04-88EB-625FBE52EBFB}</UniqueIdentifier>
      <Extensions>h;hh;hpp;hxx;h++;hm;inl;inc;ipp;xsd</Extensions>
    </Filter>
    <Filter Include="BaseEngine">
      <UniqueIdentifier>{2c8a0b6a-e5d2-4e89-b71f-6ca9879f5dfb}</UniqueIdentifier>
    </Filter>
    <Filter Include="BaseEngine\ECSEngine">
      <UniqueIdentifier>{f87660aa-1430-4c39-9a76-27ee5b60071c}</UniqueIdentifier>
    </Filter>
    <Filter Include="BaseEngine\GameState">
      <UniqueIdentifier>{398a6592-c8a5-46ae-932e-2ee24f50438c}</UniqueIdentifier>
    </Filter>
    <Filter Include="BaseEngine\GameState\States">
      <UniqueIdentifier>{23e6c688-eda1-4056-9dd6-01129fe94097}</UniqueIdentifier>
    </Filter>
    <Filter Include="BaseEngine\GameState\GameStateManager">
      <UniqueIdentifier>{1fb454a5-51ec-4128-a478-1849c7f9b7ab}</UniqueIdentifier>
    </Filter>
    <Filter Include="BaseEngine\ECSEngine\EngineCore">
      <UniqueIdentifier>{a62bc7dd-d14f-4a0c-98a1-61435e65b8e3}</UniqueIdentifier>
    </Filter>
    <Filter Include="BaseEngine\ECSEngine\Systems">
      <UniqueIdentifier>{64410c6c-9d3b-493a-8a1f-8502118a03d8}</UniqueIdentifier>
    </Filter>
    <Filter Include="BaseEngine\ECSEngine\Components">
      <UniqueIdentifier>{641640ee-a8cc-4b02-b5e0-27eae571583a}</UniqueIdentifier>
    </Filter>
    <Filter Include="BaseEngine\ECSEngine\Components\List">
      <UniqueIdentifier>{f9e49e7c-f945-4c36-a213-4b8b83aa9289}</UniqueIdentifier>
    </Filter>
    <Filter Include="Libaries">
      <UniqueIdentifier>{2a6c0c7c-cdce-47bc-824e-2d83fb2adc77}</UniqueIdentifier>
    </Filter>
    <Filter Include="Libaries\Collision">
      <UniqueIdentifier>{8f089a65-4f93-436c-a8e7-310878f57277}</UniqueIdentifier>
    </Filter>
    <Filter Include="Libaries\MathsLib">
      <UniqueIdentifier>{980b6b75-e86f-4b51-90a2-431957b4c390}</UniqueIdentifier>
    </Filter>
    <Filter Include="Libaries\ImGUI">
      <UniqueIdentifier>{d4cf0569-8665-4a7d-b4af-c3549b64e911}</UniqueIdentifier>
    </Filter>
    <Filter Include="BaseEngine\Managers">
      <UniqueIdentifier>{42e801a9-19da-4028-9669-f828fe73ed0a}</UniqueIdentifier>
    </Filter>
    <Filter Include="BaseEngine\Managers\GameManagers">
      <UniqueIdentifier>{6259da66-aae9-46e9-96c9-350cd32a40b4}</UniqueIdentifier>
    </Filter>
    <Filter Include="BaseEngine\Managers\GameManagers\GameManagersClass">
      <UniqueIdentifier>{ed210a5b-e0dd-4685-bb6a-54acd9db8b9d}</UniqueIdentifier>
    </Filter>
    <Filter Include="BaseEngine\Managers\GameManagers\Particles">
      <UniqueIdentifier>{ff9bc6ca-1920-4438-b4c5-8d1b855dff93}</UniqueIdentifier>
    </Filter>
    <Filter Include="BaseEngine\Managers\GameManagers\Input">
      <UniqueIdentifier>{2158247f-d740-40de-abfb-012dbba72145}</UniqueIdentifier>
    </Filter>
    <Filter Include="BaseEngine\Managers\GraphicManagers">
      <UniqueIdentifier>{e188940a-d6e9-4242-af35-eaad7d63ebe0}</UniqueIdentifier>
    </Filter>
    <Filter Include="BaseEngine\Managers\GraphicManagers\Graphics">
      <UniqueIdentifier>{62966539-a061-42bf-aa41-b9bcda2764f2}</UniqueIdentifier>
    </Filter>
    <Filter Include="BaseEngine\Managers\GraphicManagers\Graphics\Assets">
      <UniqueIdentifier>{fd7d5cc7-4865-4c2a-9d8c-a5dc832553a8}</UniqueIdentifier>
    </Filter>
    <Filter Include="BaseEngine\Managers\GraphicManagers\Graphics\Assets\Shapes">
      <UniqueIdentifier>{e106f2b8-c2a4-4242-aa69-036b29eff08b}</UniqueIdentifier>
    </Filter>
    <Filter Include="BaseEngine\Managers\GraphicManagers\Graphics\Assets\Texture">
      <UniqueIdentifier>{5acaff45-b434-43b4-886e-6670fec883b0}</UniqueIdentifier>
    </Filter>
    <Filter Include="BaseEngine\Managers\GraphicManagers\Graphics\Assets\Animation">
      <UniqueIdentifier>{f3985b79-9530-4f76-b5b7-65db12384e6d}</UniqueIdentifier>
    </Filter>
    <Filter Include="BaseEngine\Managers\GraphicManagers\Graphics\Shader">
      <UniqueIdentifier>{23455100-1329-4212-a899-2d10e81ac1b9}</UniqueIdentifier>
    </Filter>
    <Filter Include="BaseEngine\Managers\GraphicManagers\Graphics\Shader\ShaderVertFrag">
      <UniqueIdentifier>{cc208699-a9f1-4828-847e-947beb807bd7}</UniqueIdentifier>
    </Filter>
    <Filter Include="BaseEngine\Managers\GraphicManagers\Graphics\GFX">
      <UniqueIdentifier>{bd8e20e7-65fd-4f39-bec9-20119cfa1ead}</UniqueIdentifier>
    </Filter>
    <Filter Include="BaseEngine\ECSEngine\Serialization">
      <UniqueIdentifier>{02c12a0e-0cf5-495d-8918-d383e23edd89}</UniqueIdentifier>
    </Filter>
    <Filter Include="BaseEngine\ECSEngine\Serialization\Assets">
      <UniqueIdentifier>{0a219da7-13ed-4593-870c-59869492f86a}</UniqueIdentifier>
    </Filter>
    <Filter Include="BaseEngine\ECSEngine\Events">
      <UniqueIdentifier>{98a75730-8d88-45ba-bd17-918da100fa47}</UniqueIdentifier>
    </Filter>
    <Filter Include="BaseEngine\ECSEngine\Components\List\Render">
      <UniqueIdentifier>{8f4bedda-2872-4dd2-8b17-0f335cf6e663}</UniqueIdentifier>
    </Filter>
    <Filter Include="BaseEngine\ECSEngine\Components\List\Particle">
      <UniqueIdentifier>{4c557035-0ad8-44ea-b4f1-b13b3865341f}</UniqueIdentifier>
    </Filter>
    <Filter Include="BaseEngine\ECSEngine\Components\List\Transform">
      <UniqueIdentifier>{192ae932-48ef-406f-9f52-2761f5b62e8a}</UniqueIdentifier>
    </Filter>
    <Filter Include="BaseEngine\ECSEngine\Components\List\AI">
      <UniqueIdentifier>{bc2a8dfe-d890-43c0-abbe-a3a61f5d7790}</UniqueIdentifier>
    </Filter>
    <Filter Include="BaseEngine\ECSEngine\Components\List\Collision">
      <UniqueIdentifier>{60523870-561f-4ca5-b981-0c625675c926}</UniqueIdentifier>
    </Filter>
    <Filter Include="BaseEngine\ECSEngine\Components\List\Flags">
      <UniqueIdentifier>{0692b543-e47f-4816-af3b-65b8d3d41498}</UniqueIdentifier>
    </Filter>
    <Filter Include="BaseEngine\Managers\GraphicManagers\Graphics\FreeType">
      <UniqueIdentifier>{b0830a0a-96bd-4008-bddb-1d99843b8a98}</UniqueIdentifier>
    </Filter>
    <Filter Include="BaseEngine\Managers\GameManagers\GameManagersClass\Timer">
      <UniqueIdentifier>{619e1b8e-117f-4fd7-b861-8ff5bba11421}</UniqueIdentifier>
    </Filter>
    <Filter Include="BaseEngine\ECSEngine\EngineCore\Audio">
      <UniqueIdentifier>{42ef59d8-d726-4276-9e23-a0202216002a}</UniqueIdentifier>
    </Filter>
    <Filter Include="BaseEngine\Managers\GameManagers\LevelEdit">
      <UniqueIdentifier>{97ebab46-fbce-4b32-b7b5-9ca5051a9b8c}</UniqueIdentifier>
    </Filter>
    <Filter Include="BaseEngine\ECSEngine\EngineCore\Debug">
      <UniqueIdentifier>{f109f5be-8046-4568-be6e-2f2a96372968}</UniqueIdentifier>
    </Filter>
    <Filter Include="BaseEngine\ECSEngine\EngineCore\MemoryManagerCore">
      <UniqueIdentifier>{96865a73-3d75-4f60-a3dd-e756b861fa3c}</UniqueIdentifier>
    </Filter>
    <Filter Include="BaseEngine\ECSEngine\EngineCore\ECSManagerCore">
      <UniqueIdentifier>{a0d20568-bb1f-4067-abce-17835d9a4f6a}</UniqueIdentifier>
    </Filter>
    <Filter Include="BaseEngine\ECSEngine\EngineCore\ECSManagerCore\Component">
      <UniqueIdentifier>{1cc9bf11-fdb9-47c6-ab3b-85a2de475d17}</UniqueIdentifier>
    </Filter>
    <Filter Include="BaseEngine\ECSEngine\EngineCore\ECSManagerCore\Entity">
      <UniqueIdentifier>{9625cd3e-ece1-4a47-8820-e37ec3cb1998}</UniqueIdentifier>
    </Filter>
    <Filter Include="BaseEngine\ECSEngine\EngineCore\ECSManagerCore\System">
      <UniqueIdentifier>{b6299b89-2a26-4e0b-b87b-fd6da870c40e}</UniqueIdentifier>
    </Filter>
    <Filter Include="BaseEngine\ECSEngine\EngineCore\EntityHelperFunctions">
      <UniqueIdentifier>{65ab171e-3fb7-4944-8eaa-a8dc7e22729d}</UniqueIdentifier>
    </Filter>
    <Filter Include="BaseEngine\Managers\GraphicManagers\Graphics\FreeType\FT_FontManager">
      <UniqueIdentifier>{da40a499-9c89-4c03-8282-b1808196dedf}</UniqueIdentifier>
    </Filter>
    <Filter Include="BaseEngine\Managers\GameManagers\TextManager">
      <UniqueIdentifier>{f91f99a6-d72c-43c8-b816-80fceb59395d}</UniqueIdentifier>
    </Filter>
    <Filter Include="HelperFunctions">
      <UniqueIdentifier>{02f96a47-da53-49b7-a531-6cef7fb62fec}</UniqueIdentifier>
    </Filter>
    <Filter Include="HelperFunctions\EnumToString">
      <UniqueIdentifier>{7bbf3e48-03f3-4959-a39a-aa9fc05ee152}</UniqueIdentifier>
    </Filter>
    <Filter Include="BaseEngine\ECSEngine\Components\List\Types">
      <UniqueIdentifier>{4c127c7e-b449-4d81-976b-566eff229466}</UniqueIdentifier>
    </Filter>
    <Filter Include="BaseEngine\Managers\GameManagers\GameManagersClass\GlobalVar">
      <UniqueIdentifier>{56d922b5-92ce-450b-8b1c-9798bf86a475}</UniqueIdentifier>
    </Filter>
    <Filter Include="BaseEngine\Managers\GameManagers\GameManagersClass\CollisionList">
      <UniqueIdentifier>{306d5e12-98a0-4372-b6fb-0f10d7fa79db}</UniqueIdentifier>
    </Filter>
    <Filter Include="BaseEngine\Managers\GameManagers\GameManagersClass\Forces">
      <UniqueIdentifier>{17cc5ccc-6dc6-4bc7-b0b8-757b1edd35ec}</UniqueIdentifier>
    </Filter>
    <Filter Include="BaseEngine\Managers\GameManagers\GameManagersClass\InfoCounter">
      <UniqueIdentifier>{6c03624d-5caf-46e9-82d0-3ae391c0737f}</UniqueIdentifier>
    </Filter>
    <Filter Include="BaseEngine\ECSEngine\Systems\EntitySystems">
      <UniqueIdentifier>{91e7c796-02e8-43ff-9aa0-0672e0541d6b}</UniqueIdentifier>
    </Filter>
    <Filter Include="BaseEngine\ECSEngine\Systems\EntitySystems\DrawSystems">
      <UniqueIdentifier>{c835b7bd-4547-4488-b40e-7589137deb61}</UniqueIdentifier>
    </Filter>
    <Filter Include="BaseEngine\ECSEngine\Systems\EntitySystems\DrawSystems\Render">
      <UniqueIdentifier>{9df942c9-c349-4b91-9473-e2a53cf65d5f}</UniqueIdentifier>
    </Filter>
    <Filter Include="BaseEngine\ECSEngine\Systems\EntitySystems\DrawSystems\Transform">
      <UniqueIdentifier>{c0c86179-f2c9-4aff-9507-7796ce41577d}</UniqueIdentifier>
    </Filter>
    <Filter Include="BaseEngine\ECSEngine\Systems\EntitySystems\DrawSystems\Animation">
      <UniqueIdentifier>{7a0b6435-207e-442d-8a67-1117af8e475c}</UniqueIdentifier>
    </Filter>
    <Filter Include="BaseEngine\ECSEngine\Systems\EntitySystems\DrawSystems\TextRender">
      <UniqueIdentifier>{f4f9f67e-4d22-4dbf-b3c6-41654da385bb}</UniqueIdentifier>
    </Filter>
    <Filter Include="BaseEngine\ECSEngine\Systems\EntitySystems\GameSystems">
      <UniqueIdentifier>{65fef8ca-fc57-4fd0-81a1-529148b160c0}</UniqueIdentifier>
    </Filter>
    <Filter Include="BaseEngine\ECSEngine\Systems\EntitySystems\GameSystems\Inventory">
      <UniqueIdentifier>{43048315-7432-4f14-93f8-c59ef1f2c85a}</UniqueIdentifier>
    </Filter>
    <Filter Include="BaseEngine\ECSEngine\Systems\EntitySystems\GameSystems\Inputs">
      <UniqueIdentifier>{41655b04-c6d9-427d-b4d8-0703ff675c2d}</UniqueIdentifier>
    </Filter>
    <Filter Include="BaseEngine\ECSEngine\Systems\EntitySystems\GameSystems\Inputs\MainMenu">
      <UniqueIdentifier>{99900911-ea39-4322-805f-3c84fed052f1}</UniqueIdentifier>
    </Filter>
    <Filter Include="BaseEngine\ECSEngine\Systems\EntitySystems\GameSystems\Inputs\GameInput">
      <UniqueIdentifier>{8ba77256-f691-452e-a6d0-9fccba864ab5}</UniqueIdentifier>
    </Filter>
    <Filter Include="BaseEngine\ECSEngine\Systems\EntitySystems\GameSystems\AI">
      <UniqueIdentifier>{fa97cfde-eba7-4f09-b929-2581dad95ac0}</UniqueIdentifier>
    </Filter>
    <Filter Include="BaseEngine\ECSEngine\Systems\EntitySystems\GameSystems\Camera">
      <UniqueIdentifier>{86280cfb-7fbd-41e6-94e3-4609e8fa53b9}</UniqueIdentifier>
    </Filter>
    <Filter Include="BaseEngine\ECSEngine\Systems\EntitySystems\GameSystems\State">
      <UniqueIdentifier>{7541b6e2-f7cc-4f30-9cce-ea8c5aba478b}</UniqueIdentifier>
    </Filter>
    <Filter Include="BaseEngine\ECSEngine\Systems\EntitySystems\GameSystems\LevelEdit">
      <UniqueIdentifier>{546ece04-b638-44ff-9f5d-95208b834dec}</UniqueIdentifier>
    </Filter>
    <Filter Include="BaseEngine\ECSEngine\Systems\EntitySystems\GameSystems\Laser">
      <UniqueIdentifier>{f4771c2a-43a7-4628-a63b-5102c809924d}</UniqueIdentifier>
    </Filter>
    <Filter Include="BaseEngine\ECSEngine\Systems\EntitySystems\GameSystems\Laser\LaserProjectileSystem">
      <UniqueIdentifier>{de2c452b-773f-4326-8da1-fec45b32b683}</UniqueIdentifier>
    </Filter>
    <Filter Include="BaseEngine\ECSEngine\Systems\EntitySystems\GameSystems\Door">
      <UniqueIdentifier>{fe6f2da9-2a08-48f5-a0d1-f25023e19076}</UniqueIdentifier>
    </Filter>
    <Filter Include="BaseEngine\ECSEngine\Systems\EntitySystems\GameSystems\PauseMenu">
      <UniqueIdentifier>{914e7eff-10a6-4dcc-b6b6-5bb51ac3f094}</UniqueIdentifier>
    </Filter>
    <Filter Include="BaseEngine\ECSEngine\Systems\EntitySystems\GameSystems\Defeat_screen">
      <UniqueIdentifier>{3000ec12-03e3-4a9e-b5a1-04f8a1c36a77}</UniqueIdentifier>
    </Filter>
    <Filter Include="BaseEngine\ECSEngine\Systems\EntitySystems\GlobalSystems">
      <UniqueIdentifier>{cd5fffd2-3404-4250-b495-8c45911ac8b2}</UniqueIdentifier>
    </Filter>
    <Filter Include="BaseEngine\ECSEngine\Systems\EntitySystems\GlobalSystems\IMGUI">
      <UniqueIdentifier>{a4fc7597-1916-446f-a079-883d2e1eb2fc}</UniqueIdentifier>
    </Filter>
    <Filter Include="BaseEngine\ECSEngine\Systems\EntitySystems\LoadingSystem">
      <UniqueIdentifier>{8bbf70de-b33d-4f0a-9741-492a0e105b34}</UniqueIdentifier>
    </Filter>
    <Filter Include="BaseEngine\ECSEngine\Systems\EntitySystems\Victory_screen">
      <UniqueIdentifier>{88c4369e-b68d-469e-8be9-61e822db6711}</UniqueIdentifier>
    </Filter>
    <Filter Include="BaseEngine\ECSEngine\Systems\EntitySystems\ShareSystems">
      <UniqueIdentifier>{01ba4faa-a7c0-4b4a-a0ac-3e3f84834668}</UniqueIdentifier>
    </Filter>
    <Filter Include="BaseEngine\ECSEngine\Systems\EntitySystems\ShareSystems\Physic">
      <UniqueIdentifier>{88e891cf-7974-498a-a991-76ad5f99eb29}</UniqueIdentifier>
    </Filter>
    <Filter Include="BaseEngine\ECSEngine\Systems\SysFucntion[on hold for single loop]">
      <UniqueIdentifier>{1e3aeb1a-9bf9-4080-acfa-ad220ac0da66}</UniqueIdentifier>
    </Filter>
    <Filter Include="BaseEngine\Managers\ImGuiVar">
      <UniqueIdentifier>{f4c12493-a5c1-4c86-a9e5-96eee1790d7f}</UniqueIdentifier>
    </Filter>
    <Filter Include="BaseEngine\Managers\GraphicManagers\WindowManager">
      <UniqueIdentifier>{78c40058-4fda-4765-a6fc-50bd064a974a}</UniqueIdentifier>
    </Filter>
    <Filter Include="BaseEngine\Managers\GraphicManagers\WindowManager\Windows">
      <UniqueIdentifier>{e437c0ca-2686-4e2b-bf5b-c11e2e5cffa0}</UniqueIdentifier>
    </Filter>
    <Filter Include="BaseEngine\Managers\GraphicManagers\WindowManager\WindowManager">
      <UniqueIdentifier>{1ce6c845-8d04-49a3-a246-d124a84c46b9}</UniqueIdentifier>
    </Filter>
    <Filter Include="BaseEngine\Managers\GraphicManagers\WindowManager\WindowFPS">
      <UniqueIdentifier>{d5aa8805-ab3f-4394-8b2e-07a131506067}</UniqueIdentifier>
    </Filter>
    <Filter Include="HelperFunctions\TemplateFunction">
      <UniqueIdentifier>{afa544cb-d0e7-4020-80aa-403a81d4763b}</UniqueIdentifier>
    </Filter>
    <Filter Include="BaseEngine\Managers\GameManagers\StageChanger">
      <UniqueIdentifier>{ede123da-9278-4837-a0ae-2c784a8927c4}</UniqueIdentifier>
    </Filter>
    <Filter Include="BaseEngine\ECSEngine\Components\List\GameObjectTag">
      <UniqueIdentifier>{f4fca383-f528-4601-af06-abe4e0acfdfe}</UniqueIdentifier>
    </Filter>
    <Filter Include="BaseEngine\ECSEngine\Components\List\Light">
      <UniqueIdentifier>{868b795f-79e5-431e-9ea9-08e7eac60428}</UniqueIdentifier>
    </Filter>
    <Filter Include="BaseEngine\Managers\GameManagers\LightEffect">
      <UniqueIdentifier>{150b0f5f-eecb-4010-9fcf-71f6d636b1fc}</UniqueIdentifier>
    </Filter>
    <Filter Include="BaseEngine\ECSEngine\Systems\ParticleECSystem">
      <UniqueIdentifier>{57ceddbd-3af4-4c40-a1b9-3743b1fbd7e2}</UniqueIdentifier>
    </Filter>
    <Filter Include="BaseEngine\ECSEngine\Systems\ParticleECSystem\ParitcleSystems">
      <UniqueIdentifier>{e718910d-75ea-4d5a-a037-06787925fedc}</UniqueIdentifier>
    </Filter>
    <Filter Include="BaseEngine\ECSEngine\Systems\ParticleECSystem\ParitcleSystems\Particle">
      <UniqueIdentifier>{a3031955-d8f5-47d1-bf91-75b4837b8d78}</UniqueIdentifier>
    </Filter>
    <Filter Include="BaseEngine\ECSEngine\Systems\ParticleECSystem\ParitcleSystems\ParticleCollision">
      <UniqueIdentifier>{7c0ca8ac-360c-4e0d-bfb3-6163dc0c738f}</UniqueIdentifier>
    </Filter>
    <Filter Include="BaseEngine\ECSEngine\Systems\ParticleECSystem\LightSystems">
      <UniqueIdentifier>{8e5b7da0-2532-4679-b70d-b5d8ff71cafc}</UniqueIdentifier>
    </Filter>
    <Filter Include="BaseEngine\ECSEngine\Systems\EntitySystems\GameSystems\Lever">
      <UniqueIdentifier>{70082627-13cd-402e-8033-9727060327b1}</UniqueIdentifier>
    </Filter>
    <Filter Include="BaseEngine\ECSEngine\Systems\EntitySystems\GameSystems\Teleporter">
      <UniqueIdentifier>{a9667a56-8c63-4798-a359-87e6fdfe5e26}</UniqueIdentifier>
    </Filter>
    <Filter Include="BaseEngine\ECSEngine\Components\List\UI">
      <UniqueIdentifier>{d3c1c9fd-9f3b-4e74-ae5e-c874fc9c22d0}</UniqueIdentifier>
    </Filter>
    <Filter Include="BaseEngine\ECSEngine\Systems\EntitySystems\Collision">
      <UniqueIdentifier>{2ea5587f-4c72-40e5-af94-10fcecbca59e}</UniqueIdentifier>
    </Filter>
    <Filter Include="BaseEngine\ECSEngine\Systems\EntitySystems\Collision\MainGameCollision">
      <UniqueIdentifier>{da8b287c-35fb-4e35-a8c0-e6e5333e9dd1}</UniqueIdentifier>
    </Filter>
    <Filter Include="BaseEngine\ECSEngine\Systems\EntitySystems\Collision\PreCollision">
      <UniqueIdentifier>{d9c23e6f-72c9-4498-8236-7359409712a1}</UniqueIdentifier>
    </Filter>
    <Filter Include="BaseEngine\ECSEngine\Systems\EntitySystems\UISystem">
      <UniqueIdentifier>{cf31a928-6ae8-4b0e-9c71-aa41872f334a}</UniqueIdentifier>
    </Filter>
    <Filter Include="BaseEngine\ECSEngine\Systems\EntitySystems\GameSystems\Tutorial">
      <UniqueIdentifier>{92a5494c-4ae7-4242-b64d-418b1e10a9f6}</UniqueIdentifier>
    </Filter>
    <Filter Include="BaseEngine\ECSEngine\Systems\EntitySystems\GameSystems\KeyObjective">
      <UniqueIdentifier>{ed9d394f-1d8d-4229-8120-82380c97c25f}</UniqueIdentifier>
    </Filter>
    <Filter Include="BaseEngine\ECSEngine\Systems\ScoreSystem">
      <UniqueIdentifier>{edfbc222-a176-41f4-ae63-07c9a7cd01db}</UniqueIdentifier>
    </Filter>
    <Filter Include="BaseEngine\ECSEngine\Systems\EntitySystems\GameSystems\Mouse">
      <UniqueIdentifier>{cc918fbb-f85d-43b0-81b6-e7e58e01a46e}</UniqueIdentifier>
    </Filter>
  </ItemGroup>
  <ItemGroup>
    <ClCompile Include="main.cpp">
      <Filter>Source Files</Filter>
    </ClCompile>
    <ClCompile Include="Graphics\glslshader.cpp">
      <Filter>BaseEngine\Managers\GraphicManagers\Graphics\Shader</Filter>
    </ClCompile>
    <ClCompile Include="Graphics\TextureManager.cpp">
      <Filter>BaseEngine\Managers\GraphicManagers\Graphics\Assets\Texture</Filter>
    </ClCompile>
    <ClCompile Include="Graphics\ShapeManager.cpp">
      <Filter>BaseEngine\Managers\GraphicManagers\Graphics\Assets\Shapes</Filter>
    </ClCompile>
    <ClCompile Include="Graphics\Shapes.cpp">
      <Filter>BaseEngine\Managers\GraphicManagers\Graphics\Assets\Shapes</Filter>
    </ClCompile>
    <ClCompile Include="src\GameState\MainMenu.cpp">
      <Filter>BaseEngine\GameState\States</Filter>
    </ClCompile>
    <ClCompile Include="src\GameState\GameStateManager.cpp">
      <Filter>BaseEngine\GameState\GameStateManager</Filter>
    </ClCompile>
    <ClCompile Include="src\GameState\GameState.cpp">
      <Filter>BaseEngine\GameState\States</Filter>
    </ClCompile>
    <ClCompile Include="Graphics\Textures.cpp">
      <Filter>BaseEngine\Managers\GraphicManagers\Graphics\Assets\Texture</Filter>
    </ClCompile>
    <ClCompile Include="Graphics\ShaderManager.cpp">
      <Filter>BaseEngine\Managers\GraphicManagers\Graphics\Shader</Filter>
    </ClCompile>
    <ClCompile Include="src\Engine\Systems\CameraSystem.cpp">
      <Filter>BaseEngine\ECSEngine\Systems\EntitySystems\GameSystems\Camera</Filter>
    </ClCompile>
    <ClCompile Include="src\Engine\Serialization\Serialization.cpp">
      <Filter>BaseEngine\ECSEngine\Serialization</Filter>
    </ClCompile>
    <ClCompile Include="Libraries\Collision.cpp">
      <Filter>Libaries\Collision</Filter>
    </ClCompile>
    <ClCompile Include="src\Engine\Systems\PhysicSystem.cpp">
      <Filter>BaseEngine\ECSEngine\Systems\EntitySystems\ShareSystems\Physic</Filter>
    </ClCompile>
    <ClCompile Include="src\Engine\Systems\InventorySystem.cpp">
      <Filter>BaseEngine\ECSEngine\Systems\EntitySystems\GameSystems\Inventory</Filter>
    </ClCompile>
    <ClCompile Include="src\Engine\Systems\AnimationSystem.cpp">
      <Filter>BaseEngine\ECSEngine\Systems\EntitySystems\DrawSystems\Animation</Filter>
    </ClCompile>
    <ClCompile Include="Graphics\AnimationManager.cpp">
      <Filter>BaseEngine\Managers\GraphicManagers\Graphics\Assets\Animation</Filter>
    </ClCompile>
    <ClCompile Include="Graphics\Animations.cpp">
      <Filter>BaseEngine\Managers\GraphicManagers\Graphics\Assets\Animation</Filter>
    </ClCompile>
    <ClCompile Include="Graphics\Gfx.cpp">
      <Filter>BaseEngine\Managers\GraphicManagers\Graphics\GFX</Filter>
    </ClCompile>
    <ClCompile Include="src\Engine\Systems\AiSystem.cpp">
      <Filter>BaseEngine\ECSEngine\Systems\EntitySystems\GameSystems\AI</Filter>
    </ClCompile>
    <ClCompile Include="Libraries\matrix3x3.cpp">
      <Filter>Libaries\MathsLib</Filter>
    </ClCompile>
    <ClCompile Include="Libraries\vector3D.cpp">
      <Filter>Libaries\MathsLib</Filter>
    </ClCompile>
    <ClCompile Include="..\lib\imgui-master\imgui.cpp">
      <Filter>Libaries\ImGUI</Filter>
    </ClCompile>
    <ClCompile Include="..\lib\imgui-master\imgui_demo.cpp">
      <Filter>Libaries\ImGUI</Filter>
    </ClCompile>
    <ClCompile Include="..\lib\imgui-master\imgui_draw.cpp">
      <Filter>Libaries\ImGUI</Filter>
    </ClCompile>
    <ClCompile Include="..\lib\imgui-master\imgui_impl_glfw_gl3.cpp">
      <Filter>Libaries\ImGUI</Filter>
    </ClCompile>
    <ClCompile Include="src\Engine\Manager\InputCallBack.cpp">
      <Filter>BaseEngine\Managers\GameManagers\Input</Filter>
    </ClCompile>
    <ClCompile Include="src\Engine\Manager\Input.cpp">
      <Filter>BaseEngine\Managers\GameManagers\Input</Filter>
    </ClCompile>
    <ClCompile Include="src\Engine\Systems\ImGuiSystem.cpp">
      <Filter>BaseEngine\ECSEngine\Systems\EntitySystems\GlobalSystems\IMGUI</Filter>
    </ClCompile>
    <ClCompile Include="src\GameState\Level_1.cpp">
      <Filter>BaseEngine\GameState\States</Filter>
    </ClCompile>
    <ClCompile Include="src\GameState\LevelEdit.cpp">
      <Filter>BaseEngine\GameState\States</Filter>
    </ClCompile>
    <ClCompile Include="src\Engine\Systems\MainMenuInputSystem.cpp">
      <Filter>BaseEngine\ECSEngine\Systems\EntitySystems\GameSystems\Inputs\MainMenu</Filter>
    </ClCompile>
    <ClCompile Include="src\Engine\Systems\ParticleSystem.cpp">
      <Filter>BaseEngine\ECSEngine\Systems\ParticleECSystem\ParitcleSystems\Particle</Filter>
    </ClCompile>
    <ClCompile Include="src\Engine\Systems\RenderingSystem.cpp">
      <Filter>BaseEngine\ECSEngine\Systems\EntitySystems\DrawSystems\Render</Filter>
    </ClCompile>
    <ClCompile Include="src\Engine\Systems\TransformSystem.cpp">
      <Filter>BaseEngine\ECSEngine\Systems\EntitySystems\DrawSystems\Transform</Filter>
    </ClCompile>
    <ClCompile Include="src\Engine\Systems\StateSystem.cpp">
      <Filter>BaseEngine\ECSEngine\Systems\EntitySystems\GameSystems\State</Filter>
    </ClCompile>
    <ClCompile Include="src\Engine\Manager\ParticlesInfo.cpp">
      <Filter>BaseEngine\Managers\GameManagers\Particles</Filter>
    </ClCompile>
    <ClCompile Include="src\Engine\Systems\LevelEditSystem.cpp">
      <Filter>BaseEngine\ECSEngine\Systems\EntitySystems\GameSystems\LevelEdit</Filter>
    </ClCompile>
    <ClCompile Include="Graphics\Window.cpp">
      <Filter>BaseEngine\Managers\GraphicManagers\WindowManager\Windows</Filter>
    </ClCompile>
    <ClCompile Include="Graphics\FreeType.cpp">
      <Filter>BaseEngine\Managers\GraphicManagers\Graphics\FreeType</Filter>
    </ClCompile>
    <ClCompile Include="src\Engine\Systems\TextRenderSystem.cpp">
      <Filter>BaseEngine\ECSEngine\Systems\EntitySystems\DrawSystems\TextRender</Filter>
    </ClCompile>
    <ClCompile Include="src\Engine\Systems\LaserSystem.cpp">
      <Filter>BaseEngine\ECSEngine\Systems\EntitySystems\GameSystems\Laser</Filter>
    </ClCompile>
    <ClCompile Include="include\EnginePch.cpp">
      <Filter>Header Files</Filter>
    </ClCompile>
    <ClCompile Include="src\Engine\Manager\Timer.cpp">
      <Filter>BaseEngine\Managers\GameManagers\GameManagersClass\Timer</Filter>
    </ClCompile>
    <ClCompile Include="src\Engine\Manager\AudioEngine.cpp">
      <Filter>BaseEngine\ECSEngine\EngineCore\Audio</Filter>
    </ClCompile>
    <ClCompile Include="src\Engine\Systems\LaserProjectileSystem.cpp">
      <Filter>BaseEngine\ECSEngine\Systems\EntitySystems\GameSystems\Laser\LaserProjectileSystem</Filter>
    </ClCompile>
    <ClCompile Include="src\Engine\Systems\ParticleCollisionSystem.cpp">
      <Filter>BaseEngine\ECSEngine\Systems\ParticleECSystem\ParitcleSystems\ParticleCollision</Filter>
    </ClCompile>
    <ClCompile Include="src\Engine\Systems\CollisionSystem.cpp">
      <Filter>BaseEngine\ECSEngine\Systems\EntitySystems\Collision\MainGameCollision</Filter>
    </ClCompile>
    <ClCompile Include="src\Engine\Systems\PreCollisionSystem.cpp">
      <Filter>BaseEngine\ECSEngine\Systems\EntitySystems\Collision\PreCollision</Filter>
    </ClCompile>
    <ClCompile Include="src\Engine\LevelEdit\LevelEditHelper.cpp">
      <Filter>BaseEngine\Managers\GameManagers\LevelEdit</Filter>
    </ClCompile>
    <ClCompile Include="src\Engine\Systems\HotSpotCollisionSystem.cpp">
      <Filter>BaseEngine\ECSEngine\Systems\EntitySystems\Collision\MainGameCollision</Filter>
    </ClCompile>
    <ClCompile Include="src\Engine\Manager\ForceManager.cpp">
      <Filter>BaseEngine\Managers\GameManagers\GameManagersClass\Forces</Filter>
    </ClCompile>
    <ClCompile Include="src\Engine\Systems\DoorSystem.cpp">
      <Filter>BaseEngine\ECSEngine\Systems\EntitySystems\GameSystems\Door</Filter>
    </ClCompile>
    <ClCompile Include="src\Engine\Manager\WindowFPS.cpp">
      <Filter>BaseEngine\Managers\GraphicManagers\WindowManager\WindowFPS</Filter>
    </ClCompile>
    <ClCompile Include="Graphics\WindowManager.cpp">
      <Filter>BaseEngine\Managers\GraphicManagers\WindowManager\WindowManager</Filter>
    </ClCompile>
    <ClCompile Include="include\ComponentsHeader.h">
      <Filter>Header Files</Filter>
    </ClCompile>
    <ClCompile Include="src\Engine\Systems\PauseMenu.cpp">
      <Filter>BaseEngine\ECSEngine\Systems\EntitySystems\GameSystems\PauseMenu</Filter>
    </ClCompile>
    <ClCompile Include="src\Engine\Systems\GameInputSystem.cpp">
      <Filter>BaseEngine\ECSEngine\Systems\EntitySystems\GameSystems\Inputs\GameInput</Filter>
    </ClCompile>
    <ClCompile Include="src\Engine\Systems\InputSystem.cpp">
      <Filter>BaseEngine\ECSEngine\Systems\EntitySystems\GameSystems\Inputs</Filter>
    </ClCompile>
    <ClCompile Include="Graphics\FreeTypeFontManager.cpp">
      <Filter>BaseEngine\Managers\GraphicManagers\Graphics\FreeType\FT_FontManager</Filter>
    </ClCompile>
    <ClCompile Include="Graphics\include\TextManager.cpp">
      <Filter>BaseEngine\Managers\GameManagers\TextManager</Filter>
    </ClCompile>
    <ClCompile Include="src\Engine\Systems\fLoadingSystem.cpp">
      <Filter>BaseEngine\ECSEngine\Systems\EntitySystems\LoadingSystem</Filter>
    </ClCompile>
    <ClCompile Include="src\Engine\Manager\CollisionList.cpp">
      <Filter>BaseEngine\Managers\GameManagers\GameManagersClass\CollisionList</Filter>
    </ClCompile>
    <ClCompile Include="src\EnumToString.cpp">
      <Filter>HelperFunctions\EnumToString</Filter>
    </ClCompile>
    <ClCompile Include="src\Engine\Manager\GlobalVar.cpp">
      <Filter>BaseEngine\Managers\GameManagers\GameManagersClass\GlobalVar</Filter>
    </ClCompile>
    <ClCompile Include="src\Engine\Systems\include\Victory_screen.cpp">
      <Filter>BaseEngine\ECSEngine\Systems\EntitySystems\Victory_screen</Filter>
    </ClCompile>
    <ClCompile Include="src\Engine\Manager\StageChanger.cpp">
      <Filter>BaseEngine\Managers\GameManagers\StageChanger</Filter>
    </ClCompile>
    <ClCompile Include="src\Engine\Systems\Functions\PhysicFunctions.cpp">
      <Filter>BaseEngine\ECSEngine\Systems\SysFucntion[on hold for single loop]</Filter>
    </ClCompile>
    <ClCompile Include="src\Engine\Systems\LightSystem.cpp">
      <Filter>BaseEngine\ECSEngine\Systems\ParticleECSystem\LightSystems</Filter>
    </ClCompile>
    <ClCompile Include="src\Engine\Manager\LightFunctions.cpp">
      <Filter>BaseEngine\Managers\GameManagers\LightEffect</Filter>
    </ClCompile>
    <ClCompile Include="src\Engine\Systems\LeverSystem.cpp">
      <Filter>BaseEngine\ECSEngine\Systems\EntitySystems\GameSystems\Lever</Filter>
    </ClCompile>
    <ClCompile Include="src\Engine\Systems\TeleporterSystem.cpp">
      <Filter>BaseEngine\ECSEngine\Systems\EntitySystems\GameSystems\Teleporter</Filter>
    </ClCompile>
    <ClCompile Include="src\Engine\Systems\UiSystem.cpp">
      <Filter>BaseEngine\ECSEngine\Systems\EntitySystems\UISystem</Filter>
    </ClCompile>
    <ClCompile Include="src\Engine\Systems\L_P_PhysicSystem.cpp">
      <Filter>BaseEngine\ECSEngine\Systems\EntitySystems\ShareSystems\Physic</Filter>
    </ClCompile>
    <ClCompile Include="src\Engine\Systems\Tutorial.cpp">
      <Filter>BaseEngine\ECSEngine\Systems\EntitySystems\GameSystems\Tutorial</Filter>
    </ClCompile>
    <ClCompile Include="src\Engine\Manager\Camera2d.cpp">
      <Filter>BaseEngine\Managers\GameManagers\GameManagersClass</Filter>
    </ClCompile>
    <ClCompile Include="src\Engine\Systems\KeyObjectiveSystem.cpp">
      <Filter>BaseEngine\ECSEngine\Systems\EntitySystems\GameSystems\KeyObjective</Filter>
    </ClCompile>
    <ClCompile Include="src\Engine\Systems\Defeat_screen.cpp">
      <Filter>BaseEngine\ECSEngine\Systems\EntitySystems\GameSystems\Defeat_screen</Filter>
    </ClCompile>
    <ClCompile Include="src\Engine\Systems\ScoreSystem.cpp">
      <Filter>BaseEngine\ECSEngine\Systems\ScoreSystem</Filter>
    </ClCompile>
    <ClCompile Include="src\Engine\Systems\MouseSystem.cpp">
      <Filter>BaseEngine\ECSEngine\Systems\EntitySystems\GameSystems\Mouse</Filter>
    </ClCompile>
  </ItemGroup>
  <ItemGroup>
    <ClInclude Include="Graphics\include\glslshader.h">
      <Filter>BaseEngine\Managers\GraphicManagers\Graphics\Shader</Filter>
    </ClInclude>
    <ClInclude Include="Graphics\include\TextureManager.h">
      <Filter>BaseEngine\Managers\GraphicManagers\Graphics\Assets\Texture</Filter>
    </ClInclude>
    <ClInclude Include="Graphics\include\ShapeManager.h">
      <Filter>BaseEngine\Managers\GraphicManagers\Graphics\Assets\Shapes</Filter>
    </ClInclude>
    <ClInclude Include="Graphics\include\Shapes.h">
      <Filter>BaseEngine\Managers\GraphicManagers\Graphics\Assets\Shapes</Filter>
    </ClInclude>
    <ClInclude Include="src\GameState\GameStateManager.h">
      <Filter>BaseEngine\GameState\GameStateManager</Filter>
    </ClInclude>
    <ClInclude Include="src\GameState\GameState.h">
      <Filter>BaseEngine\GameState\States</Filter>
    </ClInclude>
    <ClInclude Include="src\ECS_Core\FakeEngine.h">
      <Filter>BaseEngine\ECSEngine\EngineCore</Filter>
    </ClInclude>
    <ClInclude Include="Graphics\include\Textures.h">
      <Filter>BaseEngine\Managers\GraphicManagers\Graphics\Assets\Texture</Filter>
    </ClInclude>
    <ClInclude Include="Graphics\include\ShaderManager.h">
      <Filter>BaseEngine\Managers\GraphicManagers\Graphics\Shader</Filter>
    </ClInclude>
    <ClInclude Include="include\GameTypes.h">
      <Filter>Header Files</Filter>
    </ClInclude>
    <ClInclude Include="src\Engine\Systems\include\CameraSystem.h">
      <Filter>BaseEngine\ECSEngine\Systems\EntitySystems\GameSystems\Camera</Filter>
    </ClInclude>
    <ClInclude Include="src\Engine\Serialization\Serialization.h">
      <Filter>BaseEngine\ECSEngine\Serialization</Filter>
    </ClInclude>
    <ClInclude Include="src\Engine\Components\Object.h">
      <Filter>BaseEngine\ECSEngine\Serialization</Filter>
    </ClInclude>
    <ClInclude Include="Libraries\include\Collision.h">
      <Filter>Libaries\Collision</Filter>
    </ClInclude>
    <ClInclude Include="src\Engine\Systems\include\PhysicSystem.h">
      <Filter>BaseEngine\ECSEngine\Systems\EntitySystems\ShareSystems\Physic</Filter>
    </ClInclude>
    <ClInclude Include="src\Engine\Systems\include\InventorySystem.h">
      <Filter>BaseEngine\ECSEngine\Systems\EntitySystems\GameSystems\Inventory</Filter>
    </ClInclude>
    <ClInclude Include="src\Engine\Event\Include\Event.h">
      <Filter>BaseEngine\ECSEngine\Events</Filter>
    </ClInclude>
    <ClInclude Include="src\Engine\Event\Include\EventBus.h">
      <Filter>BaseEngine\ECSEngine\Events</Filter>
    </ClInclude>
    <ClInclude Include="src\Engine\Event\Include\EventHandler.h">
      <Filter>BaseEngine\ECSEngine\Events</Filter>
    </ClInclude>
    <ClInclude Include="src\Engine\Systems\include\AnimationSystem.h">
      <Filter>BaseEngine\ECSEngine\Systems\EntitySystems\DrawSystems\Animation</Filter>
    </ClInclude>
    <ClInclude Include="Graphics\include\AnimationManager.h">
      <Filter>BaseEngine\Managers\GraphicManagers\Graphics\Assets\Animation</Filter>
    </ClInclude>
    <ClInclude Include="Graphics\include\Animations.h">
      <Filter>BaseEngine\Managers\GraphicManagers\Graphics\Assets\Animation</Filter>
    </ClInclude>
    <ClInclude Include="Graphics\include\Gfx.h">
      <Filter>BaseEngine\Managers\GraphicManagers\Graphics\GFX</Filter>
    </ClInclude>
    <ClInclude Include="src\Engine\Systems\include\AiSystem.h">
      <Filter>BaseEngine\ECSEngine\Systems\EntitySystems\GameSystems\AI</Filter>
    </ClInclude>
    <ClInclude Include="Libraries\include\matrix3x3.h">
      <Filter>Libaries\MathsLib</Filter>
    </ClInclude>
    <ClInclude Include="Libraries\include\vector3D.h">
      <Filter>Libaries\MathsLib</Filter>
    </ClInclude>
    <ClInclude Include="..\lib\imgui-master\imconfig.h">
      <Filter>Libaries\ImGUI</Filter>
    </ClInclude>
    <ClInclude Include="..\lib\imgui-master\imgui.h">
      <Filter>Libaries\ImGUI</Filter>
    </ClInclude>
    <ClInclude Include="..\lib\imgui-master\imgui_impl_glfw_gl3.h">
      <Filter>Libaries\ImGUI</Filter>
    </ClInclude>
    <ClInclude Include="..\lib\imgui-master\imgui_internal.h">
      <Filter>Libaries\ImGUI</Filter>
    </ClInclude>
    <ClInclude Include="..\lib\imgui-master\stb_rect_pack.h">
      <Filter>Libaries\ImGUI</Filter>
    </ClInclude>
    <ClInclude Include="..\lib\imgui-master\stb_textedit.h">
      <Filter>Libaries\ImGUI</Filter>
    </ClInclude>
    <ClInclude Include="..\lib\imgui-master\stb_truetype.h">
      <Filter>Libaries\ImGUI</Filter>
    </ClInclude>
    <ClInclude Include="src\Engine\Manager\include\Camera2d.h">
      <Filter>BaseEngine\Managers\GameManagers\GameManagersClass</Filter>
    </ClInclude>
    <ClInclude Include="src\Engine\Components\Input.h">
      <Filter>BaseEngine\Managers\GameManagers\Input</Filter>
    </ClInclude>
    <ClInclude Include="src\Engine\Manager\include\InputCallBack.h">
      <Filter>BaseEngine\Managers\GameManagers\Input</Filter>
    </ClInclude>
    <ClInclude Include="src\Engine\Systems\include\ImGuiSystem.h">
      <Filter>BaseEngine\ECSEngine\Systems\EntitySystems\GlobalSystems\IMGUI</Filter>
    </ClInclude>
    <ClInclude Include="src\Engine\Components\Render.h">
      <Filter>BaseEngine\ECSEngine\Components\List\Render</Filter>
    </ClInclude>
    <ClInclude Include="src\Engine\Components\RenderPos.h">
      <Filter>BaseEngine\ECSEngine\Components\List\Render</Filter>
    </ClInclude>
    <ClInclude Include="src\Engine\Components\RenderTex.h">
      <Filter>BaseEngine\ECSEngine\Components\List\Render</Filter>
    </ClInclude>
    <ClInclude Include="src\Engine\Components\Animation.h">
      <Filter>BaseEngine\ECSEngine\Components\List\Render</Filter>
    </ClInclude>
    <ClInclude Include="src\Engine\Components\ParticleStates.h">
      <Filter>BaseEngine\ECSEngine\Components\List\Particle</Filter>
    </ClInclude>
    <ClInclude Include="src\Engine\Components\Position.h">
      <Filter>BaseEngine\ECSEngine\Components\List\Transform</Filter>
    </ClInclude>
    <ClInclude Include="src\Engine\Components\Transform.h">
      <Filter>BaseEngine\ECSEngine\Components\List\Transform</Filter>
    </ClInclude>
    <ClInclude Include="src\Engine\Components\Rigidbody.h">
      <Filter>BaseEngine\ECSEngine\Components\List\Transform</Filter>
    </ClInclude>
    <ClInclude Include="src\Engine\Components\AI.h">
      <Filter>BaseEngine\ECSEngine\Components\List\AI</Filter>
    </ClInclude>
    <ClInclude Include="src\Engine\Components\AABB.h">
      <Filter>BaseEngine\ECSEngine\Components\List\Collision</Filter>
    </ClInclude>
    <ClInclude Include="src\Engine\Components\Inventory.h">
      <Filter>BaseEngine\ECSEngine\Components\List\GameObjectTag</Filter>
    </ClInclude>
    <ClInclude Include="src\Engine\Components\LineSegment.h">
      <Filter>BaseEngine\ECSEngine\Components\List\Collision</Filter>
    </ClInclude>
    <ClInclude Include="src\Engine\Components\Flags.h">
      <Filter>BaseEngine\ECSEngine\Components\List\Flags</Filter>
    </ClInclude>
    <ClInclude Include="src\Engine\Components\CollisionFlag.h">
      <Filter>BaseEngine\ECSEngine\Components\List\Flags</Filter>
    </ClInclude>
    <ClInclude Include="src\Engine\Components\ParticleType.h">
      <Filter>BaseEngine\ECSEngine\Components\List\Particle</Filter>
    </ClInclude>
    <ClInclude Include="src\Engine\Systems\include\MainMenuInputSystem.h">
      <Filter>BaseEngine\ECSEngine\Systems\EntitySystems\GameSystems\Inputs\MainMenu</Filter>
    </ClInclude>
    <ClInclude Include="src\Engine\Systems\include\ParticleSystem.h">
      <Filter>BaseEngine\ECSEngine\Systems\ParticleECSystem\ParitcleSystems\Particle</Filter>
    </ClInclude>
    <ClInclude Include="src\Engine\Systems\include\RenderingSystem.h">
      <Filter>BaseEngine\ECSEngine\Systems\EntitySystems\DrawSystems\Render</Filter>
    </ClInclude>
    <ClInclude Include="src\Engine\Systems\include\TransformSystem.h">
      <Filter>BaseEngine\ECSEngine\Systems\EntitySystems\DrawSystems\Transform</Filter>
    </ClInclude>
    <ClInclude Include="src\Engine\Systems\include\StateSystem.h">
      <Filter>BaseEngine\ECSEngine\Systems\EntitySystems\GameSystems\State</Filter>
    </ClInclude>
    <ClInclude Include="src\Engine\Manager\include\ParticlesInfo.h">
      <Filter>BaseEngine\Managers\GameManagers\Particles</Filter>
    </ClInclude>
    <ClInclude Include="src\Engine\Systems\include\LevelEditSystem.h">
      <Filter>BaseEngine\ECSEngine\Systems\EntitySystems\GameSystems\LevelEdit</Filter>
    </ClInclude>
    <ClInclude Include="Graphics\include\Window.h">
      <Filter>BaseEngine\Managers\GraphicManagers\WindowManager\Windows</Filter>
    </ClInclude>
    <ClInclude Include="Graphics\include\FreeType.h">
      <Filter>BaseEngine\Managers\GraphicManagers\Graphics\FreeType</Filter>
    </ClInclude>
    <ClInclude Include="Graphics\include\Character.h">
      <Filter>BaseEngine\Managers\GraphicManagers\Graphics\FreeType</Filter>
    </ClInclude>
    <ClInclude Include="src\Engine\Systems\include\TextRenderSystem.h">
      <Filter>BaseEngine\ECSEngine\Systems\EntitySystems\DrawSystems\TextRender</Filter>
    </ClInclude>
    <ClInclude Include="src\Engine\Systems\include\LaserSystem.h">
      <Filter>BaseEngine\ECSEngine\Systems\EntitySystems\GameSystems\Laser</Filter>
    </ClInclude>
    <ClInclude Include="include\EnginePch.h">
      <Filter>Header Files</Filter>
    </ClInclude>
    <ClInclude Include="src\Engine\Manager\include\Timer.h">
      <Filter>BaseEngine\Managers\GameManagers\GameManagersClass\Timer</Filter>
    </ClInclude>
    <ClInclude Include="src\Engine\Manager\include\AudioEngine.h">
      <Filter>BaseEngine\ECSEngine\EngineCore\Audio</Filter>
    </ClInclude>
    <ClInclude Include="src\Engine\Components\Laser.h">
      <Filter>BaseEngine\ECSEngine\Components\List\GameObjectTag</Filter>
    </ClInclude>
    <ClInclude Include="src\Engine\Components\State.h">
      <Filter>BaseEngine\ECSEngine\Components\List</Filter>
    </ClInclude>
    <ClInclude Include="src\Engine\Components\ParentId.h">
      <Filter>BaseEngine\ECSEngine\Components\List</Filter>
    </ClInclude>
    <ClInclude Include="src\Engine\Systems\include\LaserProjectileSystem.h">
      <Filter>BaseEngine\ECSEngine\Systems\EntitySystems\GameSystems\Laser\LaserProjectileSystem</Filter>
    </ClInclude>
    <ClInclude Include="src\Engine\Components\LifeTime.h">
      <Filter>BaseEngine\ECSEngine\Components\List</Filter>
    </ClInclude>
    <ClInclude Include="src\Engine\Systems\include\ParticleCollisionSystem.h">
      <Filter>BaseEngine\ECSEngine\Systems\ParticleECSystem\ParitcleSystems\ParticleCollision</Filter>
    </ClInclude>
    <ClInclude Include="src\Engine\Systems\include\CollisionSystem.h">
      <Filter>BaseEngine\ECSEngine\Systems\EntitySystems\Collision\MainGameCollision</Filter>
    </ClInclude>
    <ClInclude Include="src\Engine\Systems\include\PreCollisionSystem.h">
      <Filter>BaseEngine\ECSEngine\Systems\EntitySystems\Collision\PreCollision</Filter>
    </ClInclude>
    <ClInclude Include="src\Engine\LevelEdit\LevelEditHelper.h">
      <Filter>BaseEngine\Managers\GameManagers\LevelEdit</Filter>
    </ClInclude>
    <ClInclude Include="src\Engine\Manager\include\LevelEditVar.h">
      <Filter>BaseEngine\Managers\GameManagers\LevelEdit</Filter>
    </ClInclude>
    <ClInclude Include="src\Engine\Manager\include\SerializationVar.h">
      <Filter>BaseEngine\Managers\GameManagers\LevelEdit</Filter>
    </ClInclude>
    <ClInclude Include="src\Engine\Systems\include\HotSpotCollisionSystem.h">
      <Filter>BaseEngine\ECSEngine\Systems\EntitySystems\Collision\MainGameCollision</Filter>
    </ClInclude>
    <ClInclude Include="src\Engine\Components\Force.h">
      <Filter>BaseEngine\ECSEngine\Components\List\Transform</Filter>
    </ClInclude>
    <ClInclude Include="src\Engine\Manager\include\ForceManager.h">
      <Filter>BaseEngine\Managers\GameManagers\GameManagersClass\Forces</Filter>
    </ClInclude>
    <ClInclude Include="src\Engine\Components\MainMenuType.h">
      <Filter>BaseEngine\ECSEngine\Components\List</Filter>
    </ClInclude>
    <ClInclude Include="src\Engine\Systems\include\DoorSystem.h">
      <Filter>BaseEngine\ECSEngine\Systems\EntitySystems\GameSystems\Door</Filter>
    </ClInclude>
    <ClInclude Include="src\ECS_Core\ECSManager.h">
      <Filter>BaseEngine\ECSEngine\EngineCore\ECSManagerCore</Filter>
    </ClInclude>
    <ClInclude Include="src\ECS_Core\Debug.h">
      <Filter>BaseEngine\ECSEngine\EngineCore\Debug</Filter>
    </ClInclude>
    <ClInclude Include="src\ECS_Core\EntityCreation.h">
      <Filter>BaseEngine\ECSEngine\EngineCore\EntityHelperFunctions</Filter>
    </ClInclude>
    <ClInclude Include="src\ECS_Core\EntityRegister.h">
      <Filter>BaseEngine\ECSEngine\EngineCore\EntityHelperFunctions</Filter>
    </ClInclude>
    <ClInclude Include="src\ECS_Core\ComponentList.h">
      <Filter>BaseEngine\ECSEngine\EngineCore\ECSManagerCore\Component</Filter>
    </ClInclude>
    <ClInclude Include="src\ECS_Core\ComponentManager.h">
      <Filter>BaseEngine\ECSEngine\EngineCore\ECSManagerCore\Component</Filter>
    </ClInclude>
    <ClInclude Include="src\ECS_Core\EntityManager.h">
      <Filter>BaseEngine\ECSEngine\EngineCore\ECSManagerCore\Entity</Filter>
    </ClInclude>
    <ClInclude Include="src\ECS_Core\System.h">
      <Filter>BaseEngine\ECSEngine\EngineCore\ECSManagerCore\System</Filter>
    </ClInclude>
    <ClInclude Include="src\ECS_Core\SystemManager.h">
      <Filter>BaseEngine\ECSEngine\EngineCore\ECSManagerCore\System</Filter>
    </ClInclude>
    <ClInclude Include="src\Engine\Systems\include\SystemList.h">
      <Filter>BaseEngine\ECSEngine\EngineCore</Filter>
    </ClInclude>
    <ClInclude Include="src\Engine\Manager\include\CollisionList.h">
      <Filter>BaseEngine\Managers\GameManagers\GameManagersClass\CollisionList</Filter>
    </ClInclude>
    <ClInclude Include="src\Engine\Systems\include\GameCounter.h">
      <Filter>BaseEngine\Managers\GameManagers\GameManagersClass\InfoCounter</Filter>
    </ClInclude>
    <ClInclude Include="src\Engine\Manager\include\GraphicStorage.h">
      <Filter>BaseEngine\Managers\GameManagers\GameManagersClass\InfoCounter</Filter>
    </ClInclude>
    <ClInclude Include="src\Engine\Manager\include\WindowFPS.h">
      <Filter>BaseEngine\Managers\GraphicManagers\WindowManager\WindowFPS</Filter>
    </ClInclude>
    <ClInclude Include="Graphics\WindowManager.h">
      <Filter>BaseEngine\Managers\GraphicManagers\WindowManager\WindowManager</Filter>
    </ClInclude>
    <ClInclude Include="src\Engine\Manager\include\ManagerList.h">
      <Filter>BaseEngine\ECSEngine\EngineCore\MemoryManagerCore</Filter>
    </ClInclude>
    <ClInclude Include="src\Engine\Manager\include\MemoryManager.h">
      <Filter>BaseEngine\ECSEngine\EngineCore\MemoryManagerCore</Filter>
    </ClInclude>
    <ClInclude Include="include\SystemsHeaders.h">
      <Filter>Header Files</Filter>
    </ClInclude>
    <ClInclude Include="src\Engine\Systems\include\PauseMenu.h">
      <Filter>BaseEngine\ECSEngine\Systems\EntitySystems\GameSystems\PauseMenu</Filter>
    </ClInclude>
    <ClInclude Include="src\Engine\Systems\include\GameInputSystem.h">
      <Filter>BaseEngine\ECSEngine\Systems\EntitySystems\GameSystems\Inputs\GameInput</Filter>
    </ClInclude>
    <ClInclude Include="src\Engine\Systems\include\InputSystem.h">
      <Filter>BaseEngine\ECSEngine\Systems\EntitySystems\GameSystems\Inputs</Filter>
    </ClInclude>
    <ClInclude Include="Graphics\include\FreeTypeFontManager.h">
      <Filter>BaseEngine\Managers\GraphicManagers\Graphics\FreeType\FT_FontManager</Filter>
    </ClInclude>
    <ClInclude Include="Graphics\include\TextClass.h">
      <Filter>BaseEngine\Managers\GameManagers\TextManager</Filter>
    </ClInclude>
    <ClInclude Include="Graphics\include\TextManager.h">
      <Filter>BaseEngine\Managers\GameManagers\TextManager</Filter>
    </ClInclude>
    <ClInclude Include="src\Engine\Systems\include\fLoadingSystem.h">
      <Filter>BaseEngine\ECSEngine\Systems\EntitySystems\LoadingSystem</Filter>
    </ClInclude>
    <ClInclude Include="include\ManagerClassesHeader.h">
      <Filter>Header Files</Filter>
    </ClInclude>
    <ClInclude Include="src\Engine\Manager\include\BooleanList.h">
      <Filter>BaseEngine\Managers\GameManagers\GameManagersClass</Filter>
    </ClInclude>
    <ClInclude Include="include\EnumToString.h">
      <Filter>HelperFunctions\EnumToString</Filter>
    </ClInclude>
    <ClInclude Include="src\Engine\Components\EnityTypes.h">
      <Filter>BaseEngine\ECSEngine\Components\List\Types</Filter>
    </ClInclude>
    <ClInclude Include="src\Engine\Components\LoadingType.h">
      <Filter>BaseEngine\ECSEngine\Components\List\Types</Filter>
    </ClInclude>
    <ClInclude Include="src\Engine\Manager\include\GlobalVar.h">
      <Filter>BaseEngine\Managers\GameManagers\GameManagersClass\GlobalVar</Filter>
    </ClInclude>
    <ClInclude Include="src\Engine\Components\Comet.h">
      <Filter>BaseEngine\ECSEngine\Components\List\GameObjectTag</Filter>
    </ClInclude>
    <ClInclude Include="src\Engine\Systems\include\Defeat_screen.h">
      <Filter>BaseEngine\ECSEngine\Systems\EntitySystems\GameSystems\Defeat_screen</Filter>
    </ClInclude>
    <ClInclude Include="src\Engine\Systems\include\Victory_screen.h">
      <Filter>BaseEngine\ECSEngine\Systems\EntitySystems\Victory_screen</Filter>
    </ClInclude>
    <ClInclude Include="src\Engine\Manager\include\StageChanger.h">
      <Filter>BaseEngine\Managers\GameManagers\StageChanger</Filter>
    </ClInclude>
    <ClInclude Include="src\Engine\Systems\include\PhysicFunctions.h">
      <Filter>BaseEngine\ECSEngine\Systems\SysFucntion[on hold for single loop]</Filter>
    </ClInclude>
    <ClInclude Include="src\Engine\Manager\include\ImGuiVar.h">
      <Filter>BaseEngine\Managers\ImGuiVar</Filter>
    </ClInclude>
    <ClInclude Include="src\Engine\Manager\include\TemplateFunctions.h">
      <Filter>HelperFunctions\TemplateFunction</Filter>
    </ClInclude>
    <ClInclude Include="Libraries\include\MathsFunctions.h">
      <Filter>HelperFunctions\TemplateFunction</Filter>
    </ClInclude>
    <ClInclude Include="src\Engine\Components\Light.h">
      <Filter>BaseEngine\ECSEngine\Components\List\Light</Filter>
    </ClInclude>
    <ClInclude Include="src\Engine\Components\PointLight.h">
      <Filter>BaseEngine\ECSEngine\Components\List\Light</Filter>
    </ClInclude>
    <ClInclude Include="src\Engine\Systems\include\LightSystem.h">
      <Filter>BaseEngine\ECSEngine\Systems\ParticleECSystem\LightSystems</Filter>
    </ClInclude>
    <ClInclude Include="src\Engine\Components\LightType.h">
      <Filter>BaseEngine\ECSEngine\Components\List\Light</Filter>
    </ClInclude>
    <ClInclude Include="src\Engine\Components\Colour.h">
      <Filter>BaseEngine\ECSEngine\Components\List\Render</Filter>
    </ClInclude>
    <ClInclude Include="src\Engine\Manager\include\LightFunctions.h">
      <Filter>BaseEngine\Managers\GameManagers\LightEffect</Filter>
    </ClInclude>
    <ClInclude Include="src\Engine\Components\Circle.h">
      <Filter>BaseEngine\ECSEngine\Components\List\Collision</Filter>
    </ClInclude>
    <ClInclude Include="src\Engine\Components\LightFlag.h">
      <Filter>BaseEngine\ECSEngine\Components\List\Light</Filter>
    </ClInclude>
    <ClInclude Include="src\Engine\Systems\include\LeverSystem.h">
      <Filter>BaseEngine\ECSEngine\Systems\EntitySystems\GameSystems\Lever</Filter>
    </ClInclude>
    <ClInclude Include="src\Engine\Systems\include\TeleporterSystem.h">
      <Filter>BaseEngine\ECSEngine\Systems\EntitySystems\GameSystems\Teleporter</Filter>
    </ClInclude>
    <ClInclude Include="src\Engine\Components\Teleporter.h">
      <Filter>BaseEngine\ECSEngine\Components\List\GameObjectTag</Filter>
    </ClInclude>
    <ClInclude Include="src\Engine\Components\Lever.h">
      <Filter>BaseEngine\ECSEngine\Components\List\GameObjectTag</Filter>
    </ClInclude>
    <ClInclude Include="src\Engine\Components\UI.h">
      <Filter>BaseEngine\ECSEngine\Components\List\UI</Filter>
    </ClInclude>
    <ClInclude Include="src\Engine\Systems\include\UiSystem.h">
      <Filter>BaseEngine\ECSEngine\Systems\EntitySystems\UISystem</Filter>
    </ClInclude>
    <ClInclude Include="src\Engine\Systems\include\L_P_PhysicSystem.h">
      <Filter>BaseEngine\ECSEngine\Systems\EntitySystems\ShareSystems\Physic</Filter>
    </ClInclude>
    <ClInclude Include="src\Engine\Systems\include\Tutorial.h">
      <Filter>BaseEngine\ECSEngine\Systems\EntitySystems\GameSystems\Tutorial</Filter>
    </ClInclude>
    <ClInclude Include="src\Engine\Components\KeyObjective.h">
      <Filter>BaseEngine\ECSEngine\Components\List\GameObjectTag</Filter>
    </ClInclude>
    <ClInclude Include="src\Engine\Systems\include\KeyObjectiveSystem.h">
      <Filter>BaseEngine\ECSEngine\Systems\EntitySystems\GameSystems\KeyObjective</Filter>
    </ClInclude>
    <ClInclude Include="src\Engine\Components\Ray.h">
      <Filter>BaseEngine\ECSEngine\Components\List\Transform</Filter>
    </ClInclude>
    <ClInclude Include="src\Engine\Components\PhysicFlag.h">
      <Filter>Header Files</Filter>
    </ClInclude>
    <ClInclude Include="src\Engine\Systems\include\ScoreSystem.h">
      <Filter>BaseEngine\ECSEngine\Systems\ScoreSystem</Filter>
    </ClInclude>
    <ClInclude Include="src\Engine\Components\Mouse.h">
      <Filter>BaseEngine\ECSEngine\Components\List\GameObjectTag</Filter>
    </ClInclude>
    <ClInclude Include="src\Engine\Systems\include\MouseSystem.h">
      <Filter>BaseEngine\ECSEngine\Systems\EntitySystems\GameSystems\Mouse</Filter>
    </ClInclude>
  </ItemGroup>
  <ItemGroup>
    <Text Include="..\Assets\background.txt">
      <Filter>BaseEngine\ECSEngine\Serialization\Assets</Filter>
    </Text>
    <Text Include="..\Assets\level1.txt">
      <Filter>BaseEngine\ECSEngine\Serialization\Assets</Filter>
    </Text>
    <Text Include="..\Assets\main_character.txt">
      <Filter>BaseEngine\ECSEngine\Serialization\Assets</Filter>
    </Text>
    <Text Include="..\Assets\wall.txt">
      <Filter>BaseEngine\ECSEngine\Serialization\Assets</Filter>
    </Text>
    <Text Include="..\Assets\wall_horizontal.txt">
      <Filter>BaseEngine\ECSEngine\Serialization\Assets</Filter>
    </Text>
    <Text Include="..\Assets\wall_verticle.txt">
      <Filter>BaseEngine\ECSEngine\Serialization\Assets</Filter>
    </Text>
    <Text Include="..\Assets\Board.txt">
      <Filter>BaseEngine\ECSEngine\Serialization\Assets</Filter>
    </Text>
    <Text Include="..\Assets\key_objective.txt">
      <Filter>BaseEngine\ECSEngine\Serialization\Assets</Filter>
    </Text>
  </ItemGroup>
  <ItemGroup>
    <None Include="Assets\shaders\Animation_fragmentShader.frag">
      <Filter>BaseEngine\Managers\GraphicManagers\Graphics\Shader\ShaderVertFrag</Filter>
    </None>
    <None Include="Assets\shaders\Animation_vertexShader.vert">
      <Filter>BaseEngine\Managers\GraphicManagers\Graphics\Shader\ShaderVertFrag</Filter>
    </None>
    <None Include="Assets\shaders\fragmentShader.frag">
      <Filter>BaseEngine\Managers\GraphicManagers\Graphics\Shader\ShaderVertFrag</Filter>
    </None>
    <None Include="Assets\shaders\Text_fragmentShader.frag">
      <Filter>BaseEngine\Managers\GraphicManagers\Graphics\Shader\ShaderVertFrag</Filter>
    </None>
    <None Include="Assets\shaders\Text_vertexShader.vert">
      <Filter>BaseEngine\Managers\GraphicManagers\Graphics\Shader\ShaderVertFrag</Filter>
    </None>
    <None Include="Assets\shaders\TfragmentShader.frag">
      <Filter>BaseEngine\Managers\GraphicManagers\Graphics\Shader\ShaderVertFrag</Filter>
    </None>
    <None Include="Assets\shaders\TvertexShader.vert">
      <Filter>BaseEngine\Managers\GraphicManagers\Graphics\Shader\ShaderVertFrag</Filter>
    </None>
    <None Include="Assets\shaders\vertexShader.vert">
      <Filter>BaseEngine\Managers\GraphicManagers\Graphics\Shader\ShaderVertFrag</Filter>
    </None>
  </ItemGroup>
</Project>