
Microsoft Visual Studio Solution File, Format Version 12.00
# Visual Studio Version 16
VisualStudioVersion = 16.0.30204.135
MinimumVisualStudioVersion = 10.0.40219.1
Project("{8BC9CEB8-8B4A-11D0-8D11-00A0C91BC942}") = "Test", "Test\Test.vcxproj", "{B49F4FCC-6503-44B6-B9C6-ABD058E2ACC9}"
EndProject
Global
	GlobalSection(SolutionConfigurationPlatforms) = preSolution
		Debug|x64 = Debug|x64
		Debug|x86 = Debug|x86
		Release|x64 = Release|x64
		Release|x86 = Release|x86
	EndGlobalSection
	GlobalSection(ProjectConfigurationPlatforms) = postSolution
		{B49F4FCC-6503-44B6-B9C6-ABD058E2ACC9}.Debug|x64.ActiveCfg = Debug|x64
		{B49F4FCC-6503-44B6-B9C6-ABD058E2ACC9}.Debug|x64.Build.0 = Debug|x64
		{B49F4FCC-6503-44B6-B9C6-ABD058E2ACC9}.Debug|x86.ActiveCfg = Debug|Win32
		{B49F4FCC-6503-44B6-B9C6-ABD058E2ACC9}.Debug|x86.Build.0 = Debug|Win32
		{B49F4FCC-6503-44B6-B9C6-ABD058E2ACC9}.Release|x64.ActiveCfg = Release|x64
		{B49F4FCC-6503-44B6-B9C6-ABD058E2ACC9}.Release|x64.Build.0 = Release|x64
		{B49F4FCC-6503-44B6-B9C6-ABD058E2ACC9}.Release|x86.ActiveCfg = Release|Win32
		{B49F4FCC-6503-44B6-B9C6-ABD058E2ACC9}.Release|x86.Build.0 = Release|Win32
	EndGlobalSection
	GlobalSection(SolutionProperties) = preSolution
		HideSolutionNode = FALSE
	EndGlobalSection
	GlobalSection(ExtensibilityGlobals) = postSolution
		SolutionGuid = {8B5EB771-8578-4AEA-9C11-D87F4ACB3452}
	EndGlobalSection
EndGlobal
